
Microsoft Visual Studio Solution File, Format Version 12.00
# Visual Studio 2012
Project("{FAE04EC0-301F-11D3-BF4B-00C04F79EFBC}") = "jrnl", "jrnl\jrnl.csproj", "{2E0CBEF3-FD0E-463A-8008-A6817FA10365}"
EndProject
Project("{FAE04EC0-301F-11D3-BF4B-00C04F79EFBC}") = "elitecore", "elitecore\elitecore.csproj", "{719B84B8-086F-40C1-9577-116C9F0FB044}"
EndProject
Project("{FAE04EC0-301F-11D3-BF4B-00C04F79EFBC}") = "testHarness", "testHarness\testHarness.csproj", "{5C33073A-D005-4E87-9933-5FF37143C039}"
EndProject
Project("{FAE04EC0-301F-11D3-BF4B-00C04F79EFBC}") = "Bard", "Bard\Bard.csproj", "{DA4B16D1-C150-46D8-BF24-3E3DD7F4864F}"
EndProject
Global
	GlobalSection(SolutionConfigurationPlatforms) = preSolution
		Debug|x86 = Debug|x86
		Release|x86 = Release|x86
	EndGlobalSection
	GlobalSection(ProjectConfigurationPlatforms) = postSolution
		{2E0CBEF3-FD0E-463A-8008-A6817FA10365}.Debug|x86.ActiveCfg = Debug|x86
		{2E0CBEF3-FD0E-463A-8008-A6817FA10365}.Debug|x86.Build.0 = Debug|x86
		{2E0CBEF3-FD0E-463A-8008-A6817FA10365}.Release|x86.ActiveCfg = Release|x86
		{2E0CBEF3-FD0E-463A-8008-A6817FA10365}.Release|x86.Build.0 = Release|x86
		{719B84B8-086F-40C1-9577-116C9F0FB044}.Debug|x86.ActiveCfg = Debug|Any CPU
		{719B84B8-086F-40C1-9577-116C9F0FB044}.Debug|x86.Build.0 = Debug|Any CPU
		{719B84B8-086F-40C1-9577-116C9F0FB044}.Release|x86.ActiveCfg = Release|Any CPU
		{719B84B8-086F-40C1-9577-116C9F0FB044}.Release|x86.Build.0 = Release|Any CPU
		{5C33073A-D005-4E87-9933-5FF37143C039}.Debug|x86.ActiveCfg = Debug|x86
		{5C33073A-D005-4E87-9933-5FF37143C039}.Debug|x86.Build.0 = Debug|x86
		{5C33073A-D005-4E87-9933-5FF37143C039}.Release|x86.ActiveCfg = Release|x86
		{5C33073A-D005-4E87-9933-5FF37143C039}.Release|x86.Build.0 = Release|x86
		{DA4B16D1-C150-46D8-BF24-3E3DD7F4864F}.Debug|x86.ActiveCfg = Debug|Any CPU
		{DA4B16D1-C150-46D8-BF24-3E3DD7F4864F}.Debug|x86.Build.0 = Debug|Any CPU
		{DA4B16D1-C150-46D8-BF24-3E3DD7F4864F}.Release|x86.ActiveCfg = Release|Any CPU
		{DA4B16D1-C150-46D8-BF24-3E3DD7F4864F}.Release|x86.Build.0 = Release|Any CPU
	EndGlobalSection
EndGlobal
